
Microsoft Visual Studio Solution File, Format Version 12.00
# Visual Studio Version 16
VisualStudioVersion = 16.0.29411.108
MinimumVisualStudioVersion = 10.0.40219.1
Project("{FAE04EC0-301F-11D3-BF4B-00C04F79EFBC}") = "algoritmalar_lab5_141180059", "algoritmalar_lab5_141180059.csproj", "{2D22522F-5A73-417A-953F-640F4553D176}"
EndProject
Global
	GlobalSection(SolutionConfigurationPlatforms) = preSolution
		Debug|Any CPU = Debug|Any CPU
		Release|Any CPU = Release|Any CPU
	EndGlobalSection
	GlobalSection(ProjectConfigurationPlatforms) = postSolution
		{2D22522F-5A73-417A-953F-640F4553D176}.Debug|Any CPU.ActiveCfg = Debug|Any CPU
		{2D22522F-5A73-417A-953F-640F4553D176}.Debug|Any CPU.Build.0 = Debug|Any CPU
		{2D22522F-5A73-417A-953F-640F4553D176}.Release|Any CPU.ActiveCfg = Release|Any CPU
		{2D22522F-5A73-417A-953F-640F4553D176}.Release|Any CPU.Build.0 = Release|Any CPU
	EndGlobalSection
	GlobalSection(SolutionProperties) = preSolution
		HideSolutionNode = FALSE
	EndGlobalSection
	GlobalSection(ExtensibilityGlobals) = postSolution
		SolutionGuid = {FB0489EE-5FE6-47B9-BB01-538DEB26452C}
	EndGlobalSection
EndGlobal
